<?xml version="1.0" encoding="utf-8"?>
<Project ToolsVersion="4.0" xmlns="http://schemas.microsoft.com/developer/msbuild/2003">
  <ItemGroup>
    <ClCompile Include="..\shared\plugin.wamr.cpp" />
    <ClCompile Include="..\shared\source\m3_api_libc.c">
      <Filter>wasm3</Filter>
    </ClCompile>
    <ClCompile Include="..\shared\source\m3_api_meta_wasi.c">
      <Filter>wasm3</Filter>
    </ClCompile>
    <ClCompile Include="..\shared\source\m3_api_tracer.c">
      <Filter>wasm3</Filter>
    </ClCompile>
    <ClCompile Include="..\shared\source\m3_api_uvwasi.c">
      <Filter>wasm3</Filter>
    </ClCompile>
    <ClCompile Include="..\shared\source\m3_api_wasi.c">
      <Filter>wasm3</Filter>
    </ClCompile>
    <ClCompile Include="..\shared\source\m3_bind.c">
      <Filter>wasm3</Filter>
    </ClCompile>
    <ClCompile Include="..\shared\source\m3_code.c">
      <Filter>wasm3</Filter>
    </ClCompile>
    <ClCompile Include="..\shared\source\m3_compile.c">
      <Filter>wasm3</Filter>
    </ClCompile>
    <ClCompile Include="..\shared\source\m3_core.c">
      <Filter>wasm3</Filter>
    </ClCompile>
    <ClCompile Include="..\shared\source\m3_env.c">
      <Filter>wasm3</Filter>
    </ClCompile>
    <ClCompile Include="..\shared\source\m3_exec.c">
      <Filter>wasm3</Filter>
    </ClCompile>
    <ClCompile Include="..\shared\source\m3_function.c">
      <Filter>wasm3</Filter>
    </ClCompile>
    <ClCompile Include="..\shared\source\m3_info.c">
      <Filter>wasm3</Filter>
    </ClCompile>
    <ClCompile Include="..\shared\source\m3_module.c">
      <Filter>wasm3</Filter>
    </ClCompile>
    <ClCompile Include="..\shared\source\m3_parse.c">
      <Filter>wasm3</Filter>
    </ClCompile>
    <ClCompile Include="..\shared\PairedJSAndWASM.cpp" />
    <ClCompile Include="..\shared\utils.cpp" />
    <ClCompile Include="..\shared\wasm.c" />
    <ClCompile Include="..\shared\jsutils.cpp" />
    <ClCompile Include="..\shared\WebAssemblyPolyfillJS.cpp" />
    <ClCompile Include="..\shared\quickjs\cutils.c">
      <Filter>quickjs</Filter>
    </ClCompile>
    <ClCompile Include="..\shared\quickjs\libbf.c">
      <Filter>quickjs</Filter>
    </ClCompile>
    <ClCompile Include="..\shared\quickjs\libregexp.c">
      <Filter>quickjs</Filter>
    </ClCompile>
    <ClCompile Include="..\shared\quickjs\libunicode.c">
      <Filter>quickjs</Filter>
    </ClCompile>
    <ClCompile Include="..\shared\quickjs\quickjs.c">
      <Filter>quickjs</Filter>
    </ClCompile>
  </ItemGroup>
  <ItemGroup>
    <Filter Include="wamr">
      <UniqueIdentifier>{5b02c530-966f-431e-9b69-240cf6e2dd72}</UniqueIdentifier>
    </Filter>
    <Filter Include="wasm3">
      <UniqueIdentifier>{bec1d0ff-cf93-4a2a-abe4-18d993b1e917}</UniqueIdentifier>
    </Filter>
    <Filter Include="quickjs">
      <UniqueIdentifier>{dd65444b-ecd0-41e1-a29d-c1a098d0cd62}</UniqueIdentifier>
    </Filter>
  </ItemGroup>
  <ItemGroup>
    <ClInclude Include="..\shared\common.h" />
    <ClInclude Include="..\shared\utils.h" />
    <ClInclude Include="..\shared\jsutils.h" />
    <ClInclude Include="..\shared\quickjs\cutils.h">
      <Filter>quickjs</Filter>
    </ClInclude>
    <ClInclude Include="..\shared\quickjs\libbf.h">
      <Filter>quickjs</Filter>
    </ClInclude>
    <ClInclude Include="..\shared\quickjs\libregexp.h">
      <Filter>quickjs</Filter>
    </ClInclude>
    <ClInclude Include="..\shared\quickjs\libregexp-opcode.h">
      <Filter>quickjs</Filter>
    </ClInclude>
    <ClInclude Include="..\shared\quickjs\libunicode.h">
      <Filter>quickjs</Filter>
    </ClInclude>
    <ClInclude Include="..\shared\quickjs\libunicode-table.h">
      <Filter>quickjs</Filter>
    </ClInclude>
    <ClInclude Include="..\shared\quickjs\quickjs.h">
      <Filter>quickjs</Filter>
    </ClInclude>
    <ClInclude Include="..\shared\quickjs\quickjs-atom.h">
      <Filter>quickjs</Filter>
    </ClInclude>
    <ClInclude Include="..\shared\quickjs\quickjs-opcode.h">
      <Filter>quickjs</Filter>
    </ClInclude>
    <ClInclude Include="..\shared\quickjs\list.h">
      <Filter>quickjs</Filter>
    </ClInclude>
    <ClInclude Include="..\shared\source\m3_api_libc.h">
      <Filter>wasm3</Filter>
    </ClInclude>
    <ClInclude Include="..\shared\source\m3_api_tracer.h">
      <Filter>wasm3</Filter>
    </ClInclude>
    <ClInclude Include="..\shared\source\m3_api_wasi.h">
      <Filter>wasm3</Filter>
    </ClInclude>
    <ClInclude Include="..\shared\source\m3_bind.h">
      <Filter>wasm3</Filter>
    </ClInclude>
    <ClInclude Include="..\shared\source\m3_code.h">
      <Filter>wasm3</Filter>
    </ClInclude>
    <ClInclude Include="..\shared\source\m3_compile.h">
      <Filter>wasm3</Filter>
    </ClInclude>
    <ClInclude Include="..\shared\source\m3_config.h">
      <Filter>wasm3</Filter>
    </ClInclude>
    <ClInclude Include="..\shared\source\m3_core.h">
      <Filter>wasm3</Filter>
    </ClInclude>
    <ClInclude Include="..\shared\source\m3_env.h">
      <Filter>wasm3</Filter>
    </ClInclude>
    <ClInclude Include="..\shared\source\m3_exception.h">
      <Filter>wasm3</Filter>
    </ClInclude>
    <ClInclude Include="..\shared\source\m3_exec.h">
      <Filter>wasm3</Filter>
    </ClInclude>
    <ClInclude Include="..\shared\source\m3_exec_defs.h">
      <Filter>wasm3</Filter>
    </ClInclude>
    <ClInclude Include="..\shared\source\m3_function.h">
      <Filter>wasm3</Filter>
    </ClInclude>
    <ClInclude Include="..\shared\source\m3_info.h">
      <Filter>wasm3</Filter>
    </ClInclude>
    <ClInclude Include="..\shared\source\m3_math_utils.h">
      <Filter>wasm3</Filter>
    </ClInclude>
    <ClInclude Include="..\shared\source\wasm3.h">
      <Filter>wasm3</Filter>
    </ClInclude>
    <ClInclude Include="..\shared\source\wasm3_defs.h">
      <Filter>wasm3</Filter>
    </ClInclude>
  </ItemGroup>
</Project>