<?xml version="1.0" encoding="utf-8"?>
<Project ToolsVersion="4.0" xmlns="http://schemas.microsoft.com/developer/msbuild/2003">
  <ItemGroup>
    <ClCompile Include="..\shared\bulk.c" />
    <ClCompile Include="..\shared\ecs.c" />
    <ClCompile Include="..\shared\emmy.c" />
    <ClCompile Include="..\shared\entity.c" />
    <ClCompile Include="..\shared\flecs.c" />
    <ClCompile Include="..\shared\hierarchy.c" />
    <ClCompile Include="..\shared\iter.c" />
    <ClCompile Include="..\shared\log.c" />
    <ClCompile Include="..\shared\meta.c" />
    <ClCompile Include="..\shared\misc.c" />
    <ClCompile Include="..\shared\module.c" />
    <ClCompile Include="..\shared\pipeline.c" />
    <ClCompile Include="..\shared\query.c" />
    <ClCompile Include="..\shared\snapshot.c" />
    <ClCompile Include="..\shared\system.c" />
    <ClCompile Include="..\shared\time.c" />
    <ClCompile Include="..\shared\timer.c" />
    <ClCompile Include="..\shared\world.c" />
  </ItemGroup>
  <ItemGroup>
    <ClInclude Include="..\shared\flecs.h" />
    <ClInclude Include="..\shared\flecs_lua.h" />
    <ClInclude Include="..\shared\private.h" />
    <ClInclude Include="..\shared\flecs-lua\bake_config.h" />
  </ItemGroup>
</Project>