// !$*UTF8*$!
{
	archiveVersion = 1;
	classes = {
	};
	objectVersion = 46;
	objects = {

/* Begin PBXBuildFile section */
		AA8C255328E773E1000D0253 /* scene.c in Sources */ = {isa = PBXBuildFile; fileRef = AA8C253728E773E0000D0253 /* scene.c */; };
		AA8C255428E773E1000D0253 /* bone.c in Sources */ = {isa = PBXBuildFile; fileRef = AA8C253A28E773E0000D0253 /* bone.c */; };
		AA8C255528E773E1000D0253 /* main.c in Sources */ = {isa = PBXBuildFile; fileRef = AA8C253C28E773E0000D0253 /* main.c */; };
		AA8C255628E773E1000D0253 /* light.c in Sources */ = {isa = PBXBuildFile; fileRef = AA8C253E28E773E0000D0253 /* light.c */; };
		AA8C255728E773E1000D0253 /* node.c in Sources */ = {isa = PBXBuildFile; fileRef = AA8C253F28E773E0000D0253 /* node.c */; };
		AA8C255828E773E1000D0253 /* camera.c in Sources */ = {isa = PBXBuildFile; fileRef = AA8C254028E773E0000D0253 /* camera.c */; };
		AA8C255928E773E1000D0253 /* material.c in Sources */ = {isa = PBXBuildFile; fileRef = AA8C254128E773E0000D0253 /* material.c */; };
		AA8C255A28E773E1000D0253 /* mesh.c in Sources */ = {isa = PBXBuildFile; fileRef = AA8C254228E773E0000D0253 /* mesh.c */; };
		AA8C255B28E773E1000D0253 /* enums.c in Sources */ = {isa = PBXBuildFile; fileRef = AA8C254328E773E0000D0253 /* enums.c */; };
		AA8C255C28E773E1000D0253 /* face.c in Sources */ = {isa = PBXBuildFile; fileRef = AA8C254428E773E1000D0253 /* face.c */; };
		AA8C255D28E773E1000D0253 /* udata.c in Sources */ = {isa = PBXBuildFile; fileRef = AA8C254528E773E1000D0253 /* udata.c */; };
		AA8C255E28E773E1000D0253 /* bitfields.c in Sources */ = {isa = PBXBuildFile; fileRef = AA8C254628E773E1000D0253 /* bitfields.c */; };
		AA8C255F28E773E1000D0253 /* texture.c in Sources */ = {isa = PBXBuildFile; fileRef = AA8C254728E773E1000D0253 /* texture.c */; };
		AA8C256028E773E1000D0253 /* import.c in Sources */ = {isa = PBXBuildFile; fileRef = AA8C254828E773E1000D0253 /* import.c */; };
		AA8C256128E773E1000D0253 /* nodeanim.c in Sources */ = {isa = PBXBuildFile; fileRef = AA8C254928E773E1000D0253 /* nodeanim.c */; };
		AA8C256228E773E1000D0253 /* animmesh.c in Sources */ = {isa = PBXBuildFile; fileRef = AA8C254A28E773E1000D0253 /* animmesh.c */; };
		AA8C256328E773E1000D0253 /* compat-5.3.c in Sources */ = {isa = PBXBuildFile; fileRef = AA8C254B28E773E1000D0253 /* compat-5.3.c */; };
		AA8C256428E773E1000D0253 /* utils.c in Sources */ = {isa = PBXBuildFile; fileRef = AA8C254D28E773E1000D0253 /* utils.c */; };
		AA8C256528E773E1000D0253 /* Makefile in Sources */ = {isa = PBXBuildFile; fileRef = AA8C254E28E773E1000D0253 /* Makefile */; };
		AA8C256628E773E1000D0253 /* animation.c in Sources */ = {isa = PBXBuildFile; fileRef = AA8C254F28E773E1000D0253 /* animation.c */; };
		AA8C256728E773E1000D0253 /* additional.c in Sources */ = {isa = PBXBuildFile; fileRef = AA8C255028E773E1000D0253 /* additional.c */; };
		AA8C256828E773E1000D0253 /* meshanim.c in Sources */ = {isa = PBXBuildFile; fileRef = AA8C255228E773E1000D0253 /* meshanim.c */; };
		AA8C256B28E773F0000D0253 /* libassimp-fat.a in Frameworks */ = {isa = PBXBuildFile; fileRef = AA8C256A28E773F0000D0253 /* libassimp-fat.a */; };
/* End PBXBuildFile section */

/* Begin PBXCopyFilesBuildPhase section */
		A4E253B4166D6FB300DCDC2C /* CopyFiles */ = {
			isa = PBXCopyFilesBuildPhase;
			buildActionMask = 2147483647;
			dstPath = "include/${PRODUCT_NAME}";
			dstSubfolderSpec = 16;
			files = (
			);
			runOnlyForDeploymentPostprocessing = 0;
		};
/* End PBXCopyFilesBuildPhase section */

/* Begin PBXFileReference section */
		A4E253B6166D6FB300DCDC2C /* libplugin_moonassimp.a */ = {isa = PBXFileReference; explicitFileType = archive.ar; includeInIndex = 0; path = libplugin_moonassimp.a; sourceTree = BUILT_PRODUCTS_DIR; };
		AA8C253728E773E0000D0253 /* scene.c */ = {isa = PBXFileReference; fileEncoding = 4; lastKnownFileType = sourcecode.c.c; name = scene.c; path = ../shared/src/scene.c; sourceTree = "<group>"; };
		AA8C253828E773E0000D0253 /* objects.h */ = {isa = PBXFileReference; fileEncoding = 4; lastKnownFileType = sourcecode.c.h; name = objects.h; path = ../shared/src/objects.h; sourceTree = "<group>"; };
		AA8C253928E773E0000D0253 /* moonassimp.h */ = {isa = PBXFileReference; fileEncoding = 4; lastKnownFileType = sourcecode.c.h; name = moonassimp.h; path = ../shared/src/moonassimp.h; sourceTree = "<group>"; };
		AA8C253A28E773E0000D0253 /* bone.c */ = {isa = PBXFileReference; fileEncoding = 4; lastKnownFileType = sourcecode.c.c; name = bone.c; path = ../shared/src/bone.c; sourceTree = "<group>"; };
		AA8C253B28E773E0000D0253 /* compat-5.3.h */ = {isa = PBXFileReference; fileEncoding = 4; lastKnownFileType = sourcecode.c.h; name = "compat-5.3.h"; path = "../shared/src/compat-5.3.h"; sourceTree = "<group>"; };
		AA8C253C28E773E0000D0253 /* main.c */ = {isa = PBXFileReference; fileEncoding = 4; lastKnownFileType = sourcecode.c.c; name = main.c; path = ../shared/src/main.c; sourceTree = "<group>"; };
		AA8C253D28E773E0000D0253 /* udata.h */ = {isa = PBXFileReference; fileEncoding = 4; lastKnownFileType = sourcecode.c.h; name = udata.h; path = ../shared/src/udata.h; sourceTree = "<group>"; };
		AA8C253E28E773E0000D0253 /* light.c */ = {isa = PBXFileReference; fileEncoding = 4; lastKnownFileType = sourcecode.c.c; name = light.c; path = ../shared/src/light.c; sourceTree = "<group>"; };
		AA8C253F28E773E0000D0253 /* node.c */ = {isa = PBXFileReference; fileEncoding = 4; lastKnownFileType = sourcecode.c.c; name = node.c; path = ../shared/src/node.c; sourceTree = "<group>"; };
		AA8C254028E773E0000D0253 /* camera.c */ = {isa = PBXFileReference; fileEncoding = 4; lastKnownFileType = sourcecode.c.c; name = camera.c; path = ../shared/src/camera.c; sourceTree = "<group>"; };
		AA8C254128E773E0000D0253 /* material.c */ = {isa = PBXFileReference; fileEncoding = 4; lastKnownFileType = sourcecode.c.c; name = material.c; path = ../shared/src/material.c; sourceTree = "<group>"; };
		AA8C254228E773E0000D0253 /* mesh.c */ = {isa = PBXFileReference; fileEncoding = 4; lastKnownFileType = sourcecode.c.c; name = mesh.c; path = ../shared/src/mesh.c; sourceTree = "<group>"; };
		AA8C254328E773E0000D0253 /* enums.c */ = {isa = PBXFileReference; fileEncoding = 4; lastKnownFileType = sourcecode.c.c; name = enums.c; path = ../shared/src/enums.c; sourceTree = "<group>"; };
		AA8C254428E773E1000D0253 /* face.c */ = {isa = PBXFileReference; fileEncoding = 4; lastKnownFileType = sourcecode.c.c; name = face.c; path = ../shared/src/face.c; sourceTree = "<group>"; };
		AA8C254528E773E1000D0253 /* udata.c */ = {isa = PBXFileReference; fileEncoding = 4; lastKnownFileType = sourcecode.c.c; name = udata.c; path = ../shared/src/udata.c; sourceTree = "<group>"; };
		AA8C254628E773E1000D0253 /* bitfields.c */ = {isa = PBXFileReference; fileEncoding = 4; lastKnownFileType = sourcecode.c.c; name = bitfields.c; path = ../shared/src/bitfields.c; sourceTree = "<group>"; };
		AA8C254728E773E1000D0253 /* texture.c */ = {isa = PBXFileReference; fileEncoding = 4; lastKnownFileType = sourcecode.c.c; name = texture.c; path = ../shared/src/texture.c; sourceTree = "<group>"; };
		AA8C254828E773E1000D0253 /* import.c */ = {isa = PBXFileReference; fileEncoding = 4; lastKnownFileType = sourcecode.c.c; name = import.c; path = ../shared/src/import.c; sourceTree = "<group>"; };
		AA8C254928E773E1000D0253 /* nodeanim.c */ = {isa = PBXFileReference; fileEncoding = 4; lastKnownFileType = sourcecode.c.c; name = nodeanim.c; path = ../shared/src/nodeanim.c; sourceTree = "<group>"; };
		AA8C254A28E773E1000D0253 /* animmesh.c */ = {isa = PBXFileReference; fileEncoding = 4; lastKnownFileType = sourcecode.c.c; name = animmesh.c; path = ../shared/src/animmesh.c; sourceTree = "<group>"; };
		AA8C254B28E773E1000D0253 /* compat-5.3.c */ = {isa = PBXFileReference; fileEncoding = 4; lastKnownFileType = sourcecode.c.c; name = "compat-5.3.c"; path = "../shared/src/compat-5.3.c"; sourceTree = "<group>"; };
		AA8C254C28E773E1000D0253 /* tree.h */ = {isa = PBXFileReference; fileEncoding = 4; lastKnownFileType = sourcecode.c.h; name = tree.h; path = ../shared/src/tree.h; sourceTree = "<group>"; };
		AA8C254D28E773E1000D0253 /* utils.c */ = {isa = PBXFileReference; fileEncoding = 4; lastKnownFileType = sourcecode.c.c; name = utils.c; path = ../shared/src/utils.c; sourceTree = "<group>"; };
		AA8C254E28E773E1000D0253 /* Makefile */ = {isa = PBXFileReference; fileEncoding = 4; lastKnownFileType = sourcecode.make; name = Makefile; path = ../shared/src/Makefile; sourceTree = "<group>"; };
		AA8C254F28E773E1000D0253 /* animation.c */ = {isa = PBXFileReference; fileEncoding = 4; lastKnownFileType = sourcecode.c.c; name = animation.c; path = ../shared/src/animation.c; sourceTree = "<group>"; };
		AA8C255028E773E1000D0253 /* additional.c */ = {isa = PBXFileReference; fileEncoding = 4; lastKnownFileType = sourcecode.c.c; name = additional.c; path = ../shared/src/additional.c; sourceTree = "<group>"; };
		AA8C255128E773E1000D0253 /* internal.h */ = {isa = PBXFileReference; fileEncoding = 4; lastKnownFileType = sourcecode.c.h; name = internal.h; path = ../shared/src/internal.h; sourceTree = "<group>"; };
		AA8C255228E773E1000D0253 /* meshanim.c */ = {isa = PBXFileReference; fileEncoding = 4; lastKnownFileType = sourcecode.c.c; name = meshanim.c; path = ../shared/src/meshanim.c; sourceTree = "<group>"; };
		AA8C256A28E773F0000D0253 /* libassimp-fat.a */ = {isa = PBXFileReference; lastKnownFileType = archive.ar; path = "libassimp-fat.a"; sourceTree = "<group>"; };
/* End PBXFileReference section */

/* Begin PBXFrameworksBuildPhase section */
		A4E253B3166D6FB300DCDC2C /* Frameworks */ = {
			isa = PBXFrameworksBuildPhase;
			buildActionMask = 2147483647;
			files = (
				AA8C256B28E773F0000D0253 /* libassimp-fat.a in Frameworks */,
			);
			runOnlyForDeploymentPostprocessing = 0;
		};
/* End PBXFrameworksBuildPhase section */

/* Begin PBXGroup section */
		A447B609165D72A6009EA762 /* Source */ = {
			isa = PBXGroup;
			children = (
				AA8C255028E773E1000D0253 /* additional.c */,
				AA8C254F28E773E1000D0253 /* animation.c */,
				AA8C254A28E773E1000D0253 /* animmesh.c */,
				AA8C254628E773E1000D0253 /* bitfields.c */,
				AA8C253A28E773E0000D0253 /* bone.c */,
				AA8C254028E773E0000D0253 /* camera.c */,
				AA8C254B28E773E1000D0253 /* compat-5.3.c */,
				AA8C253B28E773E0000D0253 /* compat-5.3.h */,
				AA8C254328E773E0000D0253 /* enums.c */,
				AA8C254428E773E1000D0253 /* face.c */,
				AA8C254828E773E1000D0253 /* import.c */,
				AA8C255128E773E1000D0253 /* internal.h */,
				AA8C253E28E773E0000D0253 /* light.c */,
				AA8C253C28E773E0000D0253 /* main.c */,
				AA8C254E28E773E1000D0253 /* Makefile */,
				AA8C254128E773E0000D0253 /* material.c */,
				AA8C254228E773E0000D0253 /* mesh.c */,
				AA8C255228E773E1000D0253 /* meshanim.c */,
				AA8C253928E773E0000D0253 /* moonassimp.h */,
				AA8C253F28E773E0000D0253 /* node.c */,
				AA8C254928E773E1000D0253 /* nodeanim.c */,
				AA8C253828E773E0000D0253 /* objects.h */,
				AA8C253728E773E0000D0253 /* scene.c */,
				AA8C254728E773E1000D0253 /* texture.c */,
				AA8C254C28E773E1000D0253 /* tree.h */,
				AA8C254528E773E1000D0253 /* udata.c */,
				AA8C253D28E773E0000D0253 /* udata.h */,
				AA8C254D28E773E1000D0253 /* utils.c */,
			);
			name = Source;
			sourceTree = "<group>";
		};
		A484110E15114F700074BD57 = {
			isa = PBXGroup;
			children = (
				A447B609165D72A6009EA762 /* Source */,
				A484111A15114F700074BD57 /* Products */,
				AA8C256928E773F0000D0253 /* Frameworks */,
			);
			sourceTree = "<group>";
		};
		A484111A15114F700074BD57 /* Products */ = {
			isa = PBXGroup;
			children = (
				A4E253B6166D6FB300DCDC2C /* libplugin_moonassimp.a */,
			);
			name = Products;
			sourceTree = "<group>";
		};
		AA8C256928E773F0000D0253 /* Frameworks */ = {
			isa = PBXGroup;
			children = (
				AA8C256A28E773F0000D0253 /* libassimp-fat.a */,
			);
			name = Frameworks;
			sourceTree = "<group>";
		};
/* End PBXGroup section */

/* Begin PBXNativeTarget section */
		A4E253B5166D6FB300DCDC2C /* plugin_moonassimp */ = {
			isa = PBXNativeTarget;
			buildConfigurationList = A4E253BF166D6FB300DCDC2C /* Build configuration list for PBXNativeTarget "plugin_moonassimp" */;
			buildPhases = (
				A4E253B2166D6FB300DCDC2C /* Sources */,
				A4E253B3166D6FB300DCDC2C /* Frameworks */,
				A4E253B4166D6FB300DCDC2C /* CopyFiles */,
			);
			buildRules = (
			);
			dependencies = (
			);
			name = plugin_moonassimp;
			productName = plugin_library;
			productReference = A4E253B6166D6FB300DCDC2C /* libplugin_moonassimp.a */;
			productType = "com.apple.product-type.library.static";
		};
/* End PBXNativeTarget section */

/* Begin PBXProject section */
		A484111015114F700074BD57 /* Project object */ = {
			isa = PBXProject;
			attributes = {
				LastUpgradeCheck = 0940;
			};
			buildConfigurationList = A484111315114F700074BD57 /* Build configuration list for PBXProject "Plugin" */;
			compatibilityVersion = "Xcode 3.2";
			developmentRegion = English;
			hasScannedForEncodings = 0;
			knownRegions = (
				English,
				en,
			);
			mainGroup = A484110E15114F700074BD57;
			productRefGroup = A484111A15114F700074BD57 /* Products */;
			projectDirPath = "";
			projectRoot = "";
			targets = (
				A4E253B5166D6FB300DCDC2C /* plugin_moonassimp */,
			);
		};
/* End PBXProject section */

/* Begin PBXSourcesBuildPhase section */
		A4E253B2166D6FB300DCDC2C /* Sources */ = {
			isa = PBXSourcesBuildPhase;
			buildActionMask = 2147483647;
			files = (
				AA8C255C28E773E1000D0253 /* face.c in Sources */,
				AA8C255728E773E1000D0253 /* node.c in Sources */,
				AA8C255628E773E1000D0253 /* light.c in Sources */,
				AA8C256428E773E1000D0253 /* utils.c in Sources */,
				AA8C256628E773E1000D0253 /* animation.c in Sources */,
				AA8C256528E773E1000D0253 /* Makefile in Sources */,
				AA8C255928E773E1000D0253 /* material.c in Sources */,
				AA8C255328E773E1000D0253 /* scene.c in Sources */,
				AA8C255A28E773E1000D0253 /* mesh.c in Sources */,
				AA8C256028E773E1000D0253 /* import.c in Sources */,
				AA8C256128E773E1000D0253 /* nodeanim.c in Sources */,
				AA8C256828E773E1000D0253 /* meshanim.c in Sources */,
				AA8C255E28E773E1000D0253 /* bitfields.c in Sources */,
				AA8C255428E773E1000D0253 /* bone.c in Sources */,
				AA8C255B28E773E1000D0253 /* enums.c in Sources */,
				AA8C255F28E773E1000D0253 /* texture.c in Sources */,
				AA8C255D28E773E1000D0253 /* udata.c in Sources */,
				AA8C256228E773E1000D0253 /* animmesh.c in Sources */,
				AA8C256728E773E1000D0253 /* additional.c in Sources */,
				AA8C255828E773E1000D0253 /* camera.c in Sources */,
				AA8C255528E773E1000D0253 /* main.c in Sources */,
				AA8C256328E773E1000D0253 /* compat-5.3.c in Sources */,
			);
			runOnlyForDeploymentPostprocessing = 0;
		};
/* End PBXSourcesBuildPhase section */

/* Begin XCBuildConfiguration section */
		A484114015114F700074BD57 /* Debug */ = {
			isa = XCBuildConfiguration;
			buildSettings = {
				ALWAYS_SEARCH_USER_PATHS = NO;
				CLANG_WARN_BLOCK_CAPTURE_AUTORELEASING = YES;
				CLANG_WARN_BOOL_CONVERSION = YES;
				CLANG_WARN_COMMA = YES;
				CLANG_WARN_CONSTANT_CONVERSION = YES;
				CLANG_WARN_DEPRECATED_OBJC_IMPLEMENTATIONS = YES;
				CLANG_WARN_EMPTY_BODY = YES;
				CLANG_WARN_ENUM_CONVERSION = YES;
				CLANG_WARN_INFINITE_RECURSION = YES;
				CLANG_WARN_INT_CONVERSION = YES;
				CLANG_WARN_NON_LITERAL_NULL_CONVERSION = YES;
				CLANG_WARN_OBJC_IMPLICIT_RETAIN_SELF = YES;
				CLANG_WARN_OBJC_LITERAL_CONVERSION = YES;
				CLANG_WARN_RANGE_LOOP_ANALYSIS = YES;
				CLANG_WARN_STRICT_PROTOTYPES = YES;
				CLANG_WARN_SUSPICIOUS_MOVE = YES;
				CLANG_WARN_UNREACHABLE_CODE = YES;
				CLANG_WARN__DUPLICATE_METHOD_MATCH = YES;
				"CODE_SIGN_IDENTITY[sdk=iphoneos*]" = "iPhone Developer";
				COPY_PHASE_STRIP = NO;
				ENABLE_STRICT_OBJC_MSGSEND = YES;
				ENABLE_TESTABILITY = YES;
				EXCLUDED_ARCHS = arm64;
				GCC_C_LANGUAGE_STANDARD = gnu99;
				GCC_DYNAMIC_NO_PIC = NO;
				GCC_NO_COMMON_BLOCKS = YES;
				GCC_OPTIMIZATION_LEVEL = 0;
				GCC_PREPROCESSOR_DEFINITIONS = (
					"DEBUG=1",
					"$(inherited)",
				);
				GCC_SYMBOLS_PRIVATE_EXTERN = NO;
				GCC_VERSION = com.apple.compilers.llvm.clang.1_0;
				GCC_WARN_64_TO_32_BIT_CONVERSION = YES;
				GCC_WARN_ABOUT_MISSING_PROTOTYPES = YES;
				GCC_WARN_ABOUT_RETURN_TYPE = YES;
				GCC_WARN_UNDECLARED_SELECTOR = YES;
				GCC_WARN_UNINITIALIZED_AUTOS = YES;
				GCC_WARN_UNUSED_FUNCTION = YES;
				GCC_WARN_UNUSED_VARIABLE = YES;
				IPHONEOS_DEPLOYMENT_TARGET = 8.0;
				ONLY_ACTIVE_ARCH = YES;
				SDKROOT = iphoneos;
				TARGETED_DEVICE_FAMILY = "1,2";
				USER_HEADER_SEARCH_PATHS = "${SRCROOT}/CoronaEnterprise/Corona/shared/include/Corona ${SRCROOT}/CoronaEnterprise/Corona/shared/include/lua ${SRCROOT}/CoronaEnterprise/Corona/ios/include/Corona";
			};
			name = Debug;
		};
		A484114115114F700074BD57 /* Release */ = {
			isa = XCBuildConfiguration;
			buildSettings = {
				ALWAYS_SEARCH_USER_PATHS = NO;
				CLANG_WARN_BLOCK_CAPTURE_AUTORELEASING = YES;
				CLANG_WARN_BOOL_CONVERSION = YES;
				CLANG_WARN_COMMA = YES;
				CLANG_WARN_CONSTANT_CONVERSION = YES;
				CLANG_WARN_DEPRECATED_OBJC_IMPLEMENTATIONS = YES;
				CLANG_WARN_EMPTY_BODY = YES;
				CLANG_WARN_ENUM_CONVERSION = YES;
				CLANG_WARN_INFINITE_RECURSION = YES;
				CLANG_WARN_INT_CONVERSION = YES;
				CLANG_WARN_NON_LITERAL_NULL_CONVERSION = YES;
				CLANG_WARN_OBJC_IMPLICIT_RETAIN_SELF = YES;
				CLANG_WARN_OBJC_LITERAL_CONVERSION = YES;
				CLANG_WARN_RANGE_LOOP_ANALYSIS = YES;
				CLANG_WARN_STRICT_PROTOTYPES = YES;
				CLANG_WARN_SUSPICIOUS_MOVE = YES;
				CLANG_WARN_UNREACHABLE_CODE = YES;
				CLANG_WARN__DUPLICATE_METHOD_MATCH = YES;
				"CODE_SIGN_IDENTITY[sdk=iphoneos*]" = "iPhone Developer";
				COPY_PHASE_STRIP = YES;
				ENABLE_STRICT_OBJC_MSGSEND = YES;
				EXCLUDED_ARCHS = arm64;
				GCC_C_LANGUAGE_STANDARD = gnu99;
				GCC_NO_COMMON_BLOCKS = YES;
				GCC_VERSION = com.apple.compilers.llvm.clang.1_0;
				GCC_WARN_64_TO_32_BIT_CONVERSION = YES;
				GCC_WARN_ABOUT_MISSING_PROTOTYPES = YES;
				GCC_WARN_ABOUT_RETURN_TYPE = YES;
				GCC_WARN_UNDECLARED_SELECTOR = YES;
				GCC_WARN_UNINITIALIZED_AUTOS = YES;
				GCC_WARN_UNUSED_FUNCTION = YES;
				GCC_WARN_UNUSED_VARIABLE = YES;
				IPHONEOS_DEPLOYMENT_TARGET = 8.0;
				OTHER_CFLAGS = "-DNS_BLOCK_ASSERTIONS=1";
				SDKROOT = iphoneos;
				TARGETED_DEVICE_FAMILY = "1,2";
				USER_HEADER_SEARCH_PATHS = "${SRCROOT}/Native/Corona/shared/include/Corona ${SRCROOT}/Native/Corona/shared/include/lua ${SRCROOT}/Native/Corona/ios/include/Corona";
				VALIDATE_PRODUCT = YES;
			};
			name = Release;
		};
		A4E253C0166D6FB300DCDC2C /* Debug */ = {
			isa = XCBuildConfiguration;
			buildSettings = {
				CLANG_CXX_LANGUAGE_STANDARD = "c++0x";
				CLANG_CXX_LIBRARY = "libc++";
				CLANG_ENABLE_OBJC_WEAK = YES;
				CLANG_WARN_EMPTY_BODY = YES;
				CLANG_WARN__DUPLICATE_METHOD_MATCH = YES;
				DSTROOT = /tmp/plugin_library.dst;
				ENABLE_BITCODE = NO;
				EXCLUDED_ARCHS = arm64;
				GCC_PRECOMPILE_PREFIX_HEADER = NO;
				GCC_PREPROCESSOR_DEFINITIONS = (
					"BR_NAMESPACE_PREFIX=BR_MSQUARES",
					"CEU_NAMESPACE_PREFIX=MSQUARES",
				);
				GCC_WARN_UNINITIALIZED_AUTOS = YES;
				GENERATE_MASTER_OBJECT_FILE = YES;
				HEADER_SEARCH_PATHS = (
					"${SRCROOT}/../shared",
					/Applications/Native/Corona/shared/include/lua,
				);
				LIBRARY_SEARCH_PATHS = (
					"$(inherited)",
					"$(PROJECT_DIR)",
				);
				OTHER_LDFLAGS = "-ObjC";
				PRODUCT_NAME = "$(TARGET_NAME)";
				SKIP_INSTALL = YES;
				USER_HEADER_SEARCH_PATHS = "${SRCROOT}/CoronaEnterprise/Corona/shared/include/Corona ${SRCROOT}/CoronaEnterprise/Corona/shared/include/lua ${SRCROOT}/CoronaEnterprise/Corona/ios/include/Corona ${SRCROOT}/ByteReader ${SRCROOT}/solar2d_native_utils";
				VALIDATE_WORKSPACE = YES;
			};
			name = Debug;
		};
		A4E253C1166D6FB300DCDC2C /* Release */ = {
			isa = XCBuildConfiguration;
			buildSettings = {
				CLANG_CXX_LANGUAGE_STANDARD = "c++0x";
				CLANG_CXX_LIBRARY = "libc++";
				CLANG_ENABLE_OBJC_WEAK = YES;
				CLANG_WARN_EMPTY_BODY = YES;
				CLANG_WARN__DUPLICATE_METHOD_MATCH = YES;
				DSTROOT = /tmp/plugin_library.dst;
				ENABLE_BITCODE = NO;
				EXCLUDED_ARCHS = arm64;
				GCC_GENERATE_DEBUGGING_SYMBOLS = NO;
				GCC_PRECOMPILE_PREFIX_HEADER = NO;
				GCC_PREPROCESSOR_DEFINITIONS = (
					"BR_NAMESPACE_PREFIX=BR_MSQUARES",
					"CEU_NAMESPACE_PREFIX=MSQUARES",
				);
				GCC_WARN_UNINITIALIZED_AUTOS = YES;
				GENERATE_MASTER_OBJECT_FILE = YES;
				HEADER_SEARCH_PATHS = (
					"${SRCROOT}/../shared",
					/Applications/Native/Corona/shared/include/lua,
				);
				LIBRARY_SEARCH_PATHS = (
					"$(inherited)",
					"$(PROJECT_DIR)",
				);
				OTHER_LDFLAGS = "-ObjC";
				PRODUCT_NAME = "$(TARGET_NAME)";
				SKIP_INSTALL = YES;
				USER_HEADER_SEARCH_PATHS = "/Applications/Native/Corona/shared/include/Corona /Applications/Native/Corona/shared/include/lua /Applications/Native/Corona/ios/include/Corona";
				VALIDATE_WORKSPACE = YES;
			};
			name = Release;
		};
/* End XCBuildConfiguration section */

/* Begin XCConfigurationList section */
		A484111315114F700074BD57 /* Build configuration list for PBXProject "Plugin" */ = {
			isa = XCConfigurationList;
			buildConfigurations = (
				A484114015114F700074BD57 /* Debug */,
				A484114115114F700074BD57 /* Release */,
			);
			defaultConfigurationIsVisible = 0;
			defaultConfigurationName = Release;
		};
		A4E253BF166D6FB300DCDC2C /* Build configuration list for PBXNativeTarget "plugin_moonassimp" */ = {
			isa = XCConfigurationList;
			buildConfigurations = (
				A4E253C0166D6FB300DCDC2C /* Debug */,
				A4E253C1166D6FB300DCDC2C /* Release */,
			);
			defaultConfigurationIsVisible = 0;
			defaultConfigurationName = Release;
		};
/* End XCConfigurationList section */
	};
	rootObject = A484111015114F700074BD57 /* Project object */;
}
